{
  "version": 4,
  "terraform_version": "1.5.7",
  "serial": 51,
  "lineage": "68cf1e2a-a64c-1c81-09fa-92069fc9f606",
  "outputs": {},
  "resources": [
    {
      "mode": "data",
      "type": "aws_ami",
      "name": "server_ami",
      "provider": "provider[\"registry.terraform.io/hashicorp/aws\"]",
      "instances": [
        {
          "schema_version": 0,
          "attributes": {
            "architecture": "x86_64",
            "arn": "arn:aws:ec2:us-east-1::image/ami-0fc5d935ebf8bc3bc",
            "block_device_mappings": [
              {
                "device_name": "/dev/sda1",
                "ebs": {
                  "delete_on_termination": "true",
                  "encrypted": "false",
                  "iops": "0",
                  "snapshot_id": "snap-0fe62e94bc2ecc9d5",
                  "throughput": "0",
                  "volume_size": "8",
                  "volume_type": "gp2"
                },
                "no_device": "",
                "virtual_name": ""
              },
              {
                "device_name": "/dev/sdb",
                "ebs": {},
                "no_device": "",
                "virtual_name": "ephemeral0"
              },
              {
                "device_name": "/dev/sdc",
                "ebs": {},
                "no_device": "",
                "virtual_name": "ephemeral1"
              }
            ],
            "boot_mode": "legacy-bios",
            "creation_date": "2023-09-19T05:31:41.000Z",
            "deprecation_time": "2025-09-19T05:31:41.000Z",
            "description": "Canonical, Ubuntu, 22.04 LTS, amd64 jammy image build on 2023-09-19",
            "ena_support": true,
            "executable_users": null,
            "filter": [
              {
                "name": "name",
                "values": [
                  "ubuntu/images/hvm-ssd/ubuntu-jammy-22.04-amd64-server-*"
                ]
              }
            ],
            "hypervisor": "xen",
            "id": "ami-0fc5d935ebf8bc3bc",
            "image_id": "ami-0fc5d935ebf8bc3bc",
            "image_location": "amazon/ubuntu/images/hvm-ssd/ubuntu-jammy-22.04-amd64-server-20230919",
            "image_owner_alias": "amazon",
            "image_type": "machine",
            "imds_support": "",
            "include_deprecated": false,
            "kernel_id": "",
            "most_recent": true,
            "name": "ubuntu/images/hvm-ssd/ubuntu-jammy-22.04-amd64-server-20230919",
            "name_regex": null,
            "owner_id": "099720109477",
            "owners": [
              "099720109477"
            ],
            "platform": "",
            "platform_details": "Linux/UNIX",
            "product_codes": [],
            "public": true,
            "ramdisk_id": "",
            "root_device_name": "/dev/sda1",
            "root_device_type": "ebs",
            "root_snapshot_id": "snap-0fe62e94bc2ecc9d5",
            "sriov_net_support": "simple",
            "state": "available",
            "state_reason": {
              "code": "UNSET",
              "message": "UNSET"
            },
            "tags": {},
            "timeouts": null,
            "tpm_support": "",
            "usage_operation": "RunInstances",
            "virtualization_type": "hvm"
          },
          "sensitive_attributes": []
        }
      ]
    },
    {
      "mode": "managed",
      "type": "aws_instance",
      "name": "mtc_ec2",
      "provider": "provider[\"registry.terraform.io/hashicorp/aws\"]",
      "instances": [
        {
          "schema_version": 1,
          "attributes": {
            "ami": "ami-0fc5d935ebf8bc3bc",
            "arn": "arn:aws:ec2:us-east-1:668420991311:instance/i-022481306fcb0a98e",
            "associate_public_ip_address": true,
            "availability_zone": "us-east-1a",
            "capacity_reservation_specification": [
              {
                "capacity_reservation_preference": "open",
                "capacity_reservation_target": []
              }
            ],
            "cpu_core_count": 1,
            "cpu_options": [
              {
                "amd_sev_snp": "",
                "core_count": 1,
                "threads_per_core": 2
              }
            ],
            "cpu_threads_per_core": 2,
            "credit_specification": [
              {
                "cpu_credits": "unlimited"
              }
            ],
            "disable_api_stop": false,
            "disable_api_termination": false,
            "ebs_block_device": [],
            "ebs_optimized": false,
            "enclave_options": [
              {
                "enabled": false
              }
            ],
            "ephemeral_block_device": [],
            "get_password_data": false,
            "hibernation": false,
            "host_id": "",
            "host_resource_group_arn": null,
            "iam_instance_profile": "",
            "id": "i-022481306fcb0a98e",
            "instance_initiated_shutdown_behavior": "stop",
            "instance_lifecycle": "",
            "instance_market_options": [],
            "instance_state": "running",
            "instance_type": "t3.micro",
            "ipv6_address_count": 0,
            "ipv6_addresses": [],
            "key_name": "mtckey",
            "launch_template": [],
            "maintenance_options": [
              {
                "auto_recovery": "default"
              }
            ],
            "metadata_options": [
              {
                "http_endpoint": "enabled",
                "http_protocol_ipv6": "disabled",
                "http_put_response_hop_limit": 1,
                "http_tokens": "optional",
                "instance_metadata_tags": "disabled"
              }
            ],
            "monitoring": false,
            "network_interface": [],
            "outpost_arn": "",
            "password_data": "",
            "placement_group": "",
            "placement_partition_number": 0,
            "primary_network_interface_id": "eni-0fcd6184310277449",
            "private_dns": "ip-10-123-1-226.ec2.internal",
            "private_dns_name_options": [
              {
                "enable_resource_name_dns_a_record": false,
                "enable_resource_name_dns_aaaa_record": false,
                "hostname_type": "ip-name"
              }
            ],
            "private_ip": "10.123.1.226",
            "public_dns": "ec2-54-152-116-218.compute-1.amazonaws.com",
            "public_ip": "54.152.116.218",
            "root_block_device": [
              {
                "delete_on_termination": true,
                "device_name": "/dev/sda1",
                "encrypted": false,
                "iops": 100,
                "kms_key_id": "",
                "tags": null,
                "throughput": 0,
                "volume_id": "vol-0b248c74565f28304",
                "volume_size": 10,
                "volume_type": "gp2"
              }
            ],
            "secondary_private_ips": [],
            "security_groups": [],
            "source_dest_check": true,
            "spot_instance_request_id": "",
            "subnet_id": "subnet-0dd780ea82ab628af",
            "tags": {
              "Name": "dev-node"
            },
            "tags_all": {
              "Name": "dev-node"
            },
            "tenancy": "default",
            "timeouts": null,
            "user_data": "315436d8a3399146b37d7460990773856beae69b",
            "user_data_base64": null,
            "user_data_replace_on_change": false,
            "volume_tags": null,
            "vpc_security_group_ids": [
              "sg-075ab23b789ea98ac"
            ]
          },
          "sensitive_attributes": [],
          "private": "eyJlMmJmYjczMC1lY2FhLTExZTYtOGY4OC0zNDM2M2JjN2M0YzAiOnsiY3JlYXRlIjo2MDAwMDAwMDAwMDAsImRlbGV0ZSI6MTIwMDAwMDAwMDAwMCwidXBkYXRlIjo2MDAwMDAwMDAwMDB9LCJzY2hlbWFfdmVyc2lvbiI6IjEifQ==",
          "dependencies": [
            "aws_key_pair.aws_key",
            "aws_security_group.mtc_sg",
            "aws_subnet.mtc_public_subnet",
            "data.aws_ami.server_ami"
          ]
        }
      ]
    },
    {
      "mode": "managed",
      "type": "aws_internet_gateway",
      "name": "mtc_internet_gateway",
      "provider": "provider[\"registry.terraform.io/hashicorp/aws\"]",
      "instances": [
        {
          "schema_version": 0,
          "attributes": {
            "arn": "arn:aws:ec2:us-east-1:668420991311:internet-gateway/igw-01c381cb8df966be7",
            "id": "igw-01c381cb8df966be7",
            "owner_id": "668420991311",
            "tags": {
              "Name": "dev-igw"
            },
            "tags_all": {
              "Name": "dev-igw"
            },
            "timeouts": null,
            "vpc_id": "vpc-07d319a4ce36d0b18"
          },
          "sensitive_attributes": [],
          "private": "eyJlMmJmYjczMC1lY2FhLTExZTYtOGY4OC0zNDM2M2JjN2M0YzAiOnsiY3JlYXRlIjoxMjAwMDAwMDAwMDAwLCJkZWxldGUiOjEyMDAwMDAwMDAwMDAsInVwZGF0ZSI6MTIwMDAwMDAwMDAwMH19",
          "dependencies": [
            "aws_vpc.mtc_vpc"
          ]
        }
      ]
    },
    {
      "mode": "managed",
      "type": "aws_key_pair",
      "name": "aws_key",
      "provider": "provider[\"registry.terraform.io/hashicorp/aws\"]",
      "instances": [
        {
          "schema_version": 1,
          "attributes": {
            "arn": "arn:aws:ec2:us-east-1:668420991311:key-pair/mtckey",
            "fingerprint": "c7:22:53:ee:65:24:3d:65:d9:e1:f8:a6:11:4e:7a:1a",
            "id": "mtckey",
            "key_name": "mtckey",
            "key_name_prefix": "",
            "key_pair_id": "key-05cedaa90174d7670",
            "key_type": "rsa",
            "public_key": "ssh-rsa AAAAB3NzaC1yc2EAAAADAQABAAABAQCnI0ntr1Aa/xcfCAkiUydqoj4hbSaMJ09+GeLETsAbyTa5edGxXR/JsimMU22p60j0SXeb0oaZTbusjE5k9L80YcgK0u8fGOFtzVw5TpOc3f3r12oJ5JvXJb3Fm9JcPgq/sQiBxika1oFS+9fdALJrxnrfEUKFWIBFvf0w2eydf7AVWxUkCu2omNa/ozN2U/wD1vKZ5+/Bbnz9SvmlXoee/BhJVP32N+/ZD2kdz7++Docho1buMN6kXM7LrjqlGLUAdz++6b0aOo7puEvaoGUIf8G3pbFG2P/QItM0XnCe7vqYh9TP355AcHg5yyNWBjYGEsIqgNngDa3yqiSEpAc5",
            "tags": {},
            "tags_all": {}
          },
          "sensitive_attributes": [],
          "private": "eyJzY2hlbWFfdmVyc2lvbiI6IjEifQ==",
          "dependencies": [
            "tls_private_key.key"
          ]
        }
      ]
    },
    {
      "mode": "managed",
      "type": "aws_route",
      "name": "default_route",
      "provider": "provider[\"registry.terraform.io/hashicorp/aws\"]",
      "instances": [
        {
          "schema_version": 0,
          "attributes": {
            "carrier_gateway_id": "",
            "core_network_arn": "",
            "destination_cidr_block": "0.0.0.0/0",
            "destination_ipv6_cidr_block": "",
            "destination_prefix_list_id": "",
            "egress_only_gateway_id": "",
            "gateway_id": "igw-01c381cb8df966be7",
            "id": "r-rtb-0275e4ceb004bb37f1080289494",
            "instance_id": "",
            "instance_owner_id": "",
            "local_gateway_id": "",
            "nat_gateway_id": "",
            "network_interface_id": "",
            "origin": "CreateRoute",
            "route_table_id": "rtb-0275e4ceb004bb37f",
            "state": "active",
            "timeouts": null,
            "transit_gateway_id": "",
            "vpc_endpoint_id": "",
            "vpc_peering_connection_id": ""
          },
          "sensitive_attributes": [],
          "private": "eyJlMmJmYjczMC1lY2FhLTExZTYtOGY4OC0zNDM2M2JjN2M0YzAiOnsiY3JlYXRlIjozMDAwMDAwMDAwMDAsImRlbGV0ZSI6MzAwMDAwMDAwMDAwLCJ1cGRhdGUiOjEyMDAwMDAwMDAwMH19",
          "dependencies": [
            "aws_internet_gateway.mtc_internet_gateway",
            "aws_route_table.mtc_public_rt",
            "aws_vpc.mtc_vpc"
          ]
        }
      ]
    },
    {
      "mode": "managed",
      "type": "aws_route_table",
      "name": "mtc_public_rt",
      "provider": "provider[\"registry.terraform.io/hashicorp/aws\"]",
      "instances": [
        {
          "schema_version": 0,
          "attributes": {
            "arn": "arn:aws:ec2:us-east-1:668420991311:route-table/rtb-0275e4ceb004bb37f",
            "id": "rtb-0275e4ceb004bb37f",
            "owner_id": "668420991311",
            "propagating_vgws": [],
            "route": [
              {
                "carrier_gateway_id": "",
                "cidr_block": "0.0.0.0/0",
                "core_network_arn": "",
                "destination_prefix_list_id": "",
                "egress_only_gateway_id": "",
                "gateway_id": "igw-01c381cb8df966be7",
                "ipv6_cidr_block": "",
                "local_gateway_id": "",
                "nat_gateway_id": "",
                "network_interface_id": "",
                "transit_gateway_id": "",
                "vpc_endpoint_id": "",
                "vpc_peering_connection_id": ""
              }
            ],
            "tags": {
              "Name": "dev_public_rt"
            },
            "tags_all": {
              "Name": "dev_public_rt"
            },
            "timeouts": null,
            "vpc_id": "vpc-07d319a4ce36d0b18"
          },
          "sensitive_attributes": [],
          "private": "eyJlMmJmYjczMC1lY2FhLTExZTYtOGY4OC0zNDM2M2JjN2M0YzAiOnsiY3JlYXRlIjozMDAwMDAwMDAwMDAsImRlbGV0ZSI6MzAwMDAwMDAwMDAwLCJ1cGRhdGUiOjEyMDAwMDAwMDAwMH19",
          "dependencies": [
            "aws_vpc.mtc_vpc"
          ]
        }
      ]
    },
    {
      "mode": "managed",
      "type": "aws_route_table_association",
      "name": "mtc_public_assoc",
      "provider": "provider[\"registry.terraform.io/hashicorp/aws\"]",
      "instances": [
        {
          "schema_version": 0,
          "attributes": {
            "gateway_id": "",
            "id": "rtbassoc-07329ff28cea14494",
            "route_table_id": "rtb-0275e4ceb004bb37f",
            "subnet_id": "subnet-0dd780ea82ab628af",
            "timeouts": null
          },
          "sensitive_attributes": [],
          "private": "eyJlMmJmYjczMC1lY2FhLTExZTYtOGY4OC0zNDM2M2JjN2M0YzAiOnsiY3JlYXRlIjozMDAwMDAwMDAwMDAsImRlbGV0ZSI6MzAwMDAwMDAwMDAwLCJ1cGRhdGUiOjEyMDAwMDAwMDAwMH19",
          "dependencies": [
            "aws_route_table.mtc_public_rt",
            "aws_subnet.mtc_public_subnet",
            "aws_vpc.mtc_vpc"
          ]
        }
      ]
    },
    {
      "mode": "managed",
      "type": "aws_security_group",
      "name": "mtc_sg",
      "provider": "provider[\"registry.terraform.io/hashicorp/aws\"]",
      "instances": [
        {
          "schema_version": 1,
          "attributes": {
            "arn": "arn:aws:ec2:us-east-1:668420991311:security-group/sg-075ab23b789ea98ac",
            "description": "dev sg",
            "egress": [
              {
                "cidr_blocks": [
                  "0.0.0.0/0"
                ],
                "description": "",
                "from_port": 0,
                "ipv6_cidr_blocks": [],
                "prefix_list_ids": [],
                "protocol": "-1",
                "security_groups": [],
                "self": false,
                "to_port": 0
              }
            ],
            "id": "sg-075ab23b789ea98ac",
            "ingress": [
              {
                "cidr_blocks": [
                  "0.0.0.0/0"
                ],
                "description": "",
                "from_port": 0,
                "ipv6_cidr_blocks": [],
                "prefix_list_ids": [],
                "protocol": "-1",
                "security_groups": [],
                "self": false,
                "to_port": 0
              }
            ],
            "name": "dev_sg",
            "name_prefix": "",
            "owner_id": "668420991311",
            "revoke_rules_on_delete": false,
            "tags": {},
            "tags_all": {},
            "timeouts": null,
            "vpc_id": "vpc-07d319a4ce36d0b18"
          },
          "sensitive_attributes": [],
          "private": "eyJlMmJmYjczMC1lY2FhLTExZTYtOGY4OC0zNDM2M2JjN2M0YzAiOnsiY3JlYXRlIjo2MDAwMDAwMDAwMDAsImRlbGV0ZSI6OTAwMDAwMDAwMDAwfSwic2NoZW1hX3ZlcnNpb24iOiIxIn0=",
          "dependencies": [
            "aws_vpc.mtc_vpc"
          ]
        }
      ]
    },
    {
      "mode": "managed",
      "type": "aws_subnet",
      "name": "mtc_public_subnet",
      "provider": "provider[\"registry.terraform.io/hashicorp/aws\"]",
      "instances": [
        {
          "schema_version": 1,
          "attributes": {
            "arn": "arn:aws:ec2:us-east-1:668420991311:subnet/subnet-0dd780ea82ab628af",
            "assign_ipv6_address_on_creation": false,
            "availability_zone": "us-east-1a",
            "availability_zone_id": "use1-az2",
            "cidr_block": "10.123.1.0/24",
            "customer_owned_ipv4_pool": "",
            "enable_dns64": false,
            "enable_lni_at_device_index": 0,
            "enable_resource_name_dns_a_record_on_launch": false,
            "enable_resource_name_dns_aaaa_record_on_launch": false,
            "id": "subnet-0dd780ea82ab628af",
            "ipv6_cidr_block": "",
            "ipv6_cidr_block_association_id": "",
            "ipv6_native": false,
            "map_customer_owned_ip_on_launch": false,
            "map_public_ip_on_launch": true,
            "outpost_arn": "",
            "owner_id": "668420991311",
            "private_dns_hostname_type_on_launch": "ip-name",
            "tags": {
              "Name": "dev-public"
            },
            "tags_all": {
              "Name": "dev-public"
            },
            "timeouts": null,
            "vpc_id": "vpc-07d319a4ce36d0b18"
          },
          "sensitive_attributes": [],
          "private": "eyJlMmJmYjczMC1lY2FhLTExZTYtOGY4OC0zNDM2M2JjN2M0YzAiOnsiY3JlYXRlIjo2MDAwMDAwMDAwMDAsImRlbGV0ZSI6MTIwMDAwMDAwMDAwMH0sInNjaGVtYV92ZXJzaW9uIjoiMSJ9",
          "dependencies": [
            "aws_vpc.mtc_vpc"
          ]
        }
      ]
    },
    {
      "mode": "managed",
      "type": "aws_vpc",
      "name": "mtc_vpc",
      "provider": "provider[\"registry.terraform.io/hashicorp/aws\"]",
      "instances": [
        {
          "schema_version": 1,
          "attributes": {
            "arn": "arn:aws:ec2:us-east-1:668420991311:vpc/vpc-07d319a4ce36d0b18",
            "assign_generated_ipv6_cidr_block": false,
            "cidr_block": "10.123.0.0/16",
            "default_network_acl_id": "acl-0c8b306094ab475d7",
            "default_route_table_id": "rtb-0a3be7366e6d54e66",
            "default_security_group_id": "sg-069df83a7baf0f92e",
            "dhcp_options_id": "dopt-0637adb92d5139fba",
            "enable_dns_hostnames": true,
            "enable_dns_support": true,
            "enable_network_address_usage_metrics": false,
            "id": "vpc-07d319a4ce36d0b18",
            "instance_tenancy": "default",
            "ipv4_ipam_pool_id": null,
            "ipv4_netmask_length": null,
            "ipv6_association_id": "",
            "ipv6_cidr_block": "",
            "ipv6_cidr_block_network_border_group": "",
            "ipv6_ipam_pool_id": "",
            "ipv6_netmask_length": 0,
            "main_route_table_id": "rtb-0a3be7366e6d54e66",
            "owner_id": "668420991311",
            "tags": {
              "Name": "dev"
            },
            "tags_all": {
              "Name": "dev"
            }
          },
          "sensitive_attributes": [],
          "private": "eyJzY2hlbWFfdmVyc2lvbiI6IjEifQ=="
        }
      ]
    },
    {
      "mode": "managed",
      "type": "local_file",
      "name": "keypair",
      "provider": "provider[\"registry.terraform.io/hashicorp/local\"]",
      "instances": [
        {
          "schema_version": 0,
          "attributes": {
            "content": "-----BEGIN RSA PRIVATE KEY-----\nMIIEogIBAAKCAQEApyNJ7a9QGv8XHwgJIlMnaqI+IW0mjCdPfhnixE7AG8k2uXnR\nsV0fybIpjFNtqetI9El3m9KGmU27rIxOZPS/NGHICtLvHxjhbc1cOU6TnN3969dq\nCeSb1yW9xZvSXD4Kv7EIgcYpGtaBUvvX3QCya8Z63xFChViARb39MNnsnX+wFVsV\nJArtqJjWv6MzdlP8A9bymefvwW58/Ur5pV6HnvwYSVT99jfv2Q9pHc+/vg6HIaNW\n7jDepFzOy646pRi1AHc/vum9GjqO6bhL2qBlCH/Bt6WxRtj/0CLTNF5wnu76mIfU\nz9+eQHB4OcsjVgY2BhLCKoDZ4A2t8qokhKQHOQIDAQABAoIBAELsrHOSGV9V+Woh\ni5bE+SmHoZ082YyRSRFTSCwW5HG71j/aeY6tnUbkIiLgXS8G2YWHzW8Fk4PbTmS/\nIbznC5Dr/m/nGny3N70B2AXSYuUTNtOyw/EGKyixIhX4WPk6lo8/Ugq00EzAy7Pw\nx/TkjIz/QsADZ0GBuIs0kid3e3lsu9Yi6QIz4MQmRx8R3SV4UoRL81X9RCVDheD+\nBFxxGFLECQVukyYqQMlvWp+mANCI5CsuXrI6/ARGdVPG9zDll1eEVu4+uTM4BapB\nzSE6Je/wHVupgyIoxb1GGDq+6NEdR5NlOaGJahD40cbRpQgI2OzI/F+fj8QlMsYh\nvO1yYwECgYEA1Ya89e5J6eOnewEpQWNZY6BMceRg8QYIWHyXU1PR53wBf/4no8bX\nRv21ydlLojBkim3PZv6ueDhQVI6HMvkTX3yVGdJLguPDxWUTWoZnCnTyFR5umT8L\nKOHUEYepuG2XDc4GuKrRAYBUiESjjlVWGrfGDFNzNrs2rt9mlJWASokCgYEAyGJX\nMHdSIDwzmrYiuwp6NwY8e6gKIA0X87iP2pVQuF7Lk3/NLaeHxO+P0oMyp1otmXhk\nnD+QnvioZDWAXCyWubsaD7wjKMVPOvheFfXHnVJZHoYRFEmiVOk8idOoX50on9CQ\neXABzDJa7huOrZbc7tM1HE3pw1blF/o6B9ra6zECgYAKH3gn5KMmbn+LKlPtYKtl\nOL1HDP+3jYSpxUZbUfb6lXtwuPjiH9Qm7nJG3oFicA7kLS6PAHX/BxRv3c31Ea/k\ncACVl82yp9+pJRCU0xhhe4fajnXJ2B5MUuB98EOQlcl6gxD4gkikXJQlXbOvVMZf\nP+UownAM4TVHdxni42+QmQKBgFt94zdi06GaOymhjZv+/axP8Z+4Kt9VeyExnKT9\n1fxIdATlrmXw/yGhC/bfJmqY1wcinDVnJH4hJKmUcAYl6a/lyNF0Yk1EQZe4PSUj\nsj+XkM9KAVRVBoRkddqsRE1bsWe+z6hSxs9YEoJzHKMPpdJ5pt9Eh75D15gqDQL3\nH0uRAoGAbkV6VKWVW3zeGutjqetVz5Au5AWStb3aKXHNa6Jv20SnzhI9ifodNtiS\nc5OdF9B8AqQvN4YdyXEbUNI0wO87U4su11lqsYYdxVQysh49QoQ7jAyJZQEyXg/H\nneRgG1Z2yRyeeJnw0aLFgOrfDzq/gCqHGudMlCyd6LSreSRsrck=\n-----END RSA PRIVATE KEY-----\n",
            "content_base64": null,
            "content_base64sha256": "MMKLssMDwkm8KbBVvAfm+/7HrS9q2XRzZfGIG7Uyr1s=",
            "content_base64sha512": "TMED/UNdpP5YKpm1BhL0GFYTrrYTpXM11ZnBKPraFFiLsoQ9m1op6V0mp/jGxL2uq0rVJObqvai9E1f+wqhvCg==",
            "content_md5": "de9de5b6b4bb74e6f7a42c72a913f18e",
            "content_sha1": "41699ca4cf583059d24f7ce1373e2d6a067e3fd4",
            "content_sha256": "30c28bb2c303c249bc29b055bc07e6fbfec7ad2f6ad9747365f1881bb532af5b",
            "content_sha512": "4cc103fd435da4fe582a99b50612f4185613aeb613a57335d599c128fada14588bb2843d9b5a29e95d26a7f8c6c4bdaeab4ad524e6eabda8bd1357fec2a86f0a",
            "directory_permission": "0777",
            "file_permission": "0400",
            "filename": "/Users/divyak/DevOps/Terraform/Terraform-Course/keyforcourse.pem",
            "id": "41699ca4cf583059d24f7ce1373e2d6a067e3fd4",
            "sensitive_content": null,
            "source": null
          },
          "sensitive_attributes": [
            [
              {
                "type": "get_attr",
                "value": "content"
              }
            ]
          ],
          "dependencies": [
            "tls_private_key.key"
          ]
        }
      ]
    },
    {
      "mode": "managed",
      "type": "tls_private_key",
      "name": "key",
      "provider": "provider[\"registry.terraform.io/hashicorp/tls\"]",
      "instances": [
        {
          "schema_version": 1,
          "attributes": {
            "algorithm": "RSA",
            "ecdsa_curve": "P224",
            "id": "b2eedc875e86a5f31dd63ba527bbc7b2f41cdccd",
            "private_key_openssh": "-----BEGIN OPENSSH PRIVATE KEY-----\nb3BlbnNzaC1rZXktdjEAAAAABG5vbmUAAAAEbm9uZQAAAAAAAAABAAABFwAAAAdz\nc2gtcnNhAAAAAwEAAQAAAQEApyNJ7a9QGv8XHwgJIlMnaqI+IW0mjCdPfhnixE7A\nG8k2uXnRsV0fybIpjFNtqetI9El3m9KGmU27rIxOZPS/NGHICtLvHxjhbc1cOU6T\nnN3969dqCeSb1yW9xZvSXD4Kv7EIgcYpGtaBUvvX3QCya8Z63xFChViARb39MNns\nnX+wFVsVJArtqJjWv6MzdlP8A9bymefvwW58/Ur5pV6HnvwYSVT99jfv2Q9pHc+/\nvg6HIaNW7jDepFzOy646pRi1AHc/vum9GjqO6bhL2qBlCH/Bt6WxRtj/0CLTNF5w\nnu76mIfUz9+eQHB4OcsjVgY2BhLCKoDZ4A2t8qokhKQHOQAAA7gzbCIlM2wiJQAA\nAAdzc2gtcnNhAAABAQCnI0ntr1Aa/xcfCAkiUydqoj4hbSaMJ09+GeLETsAbyTa5\nedGxXR/JsimMU22p60j0SXeb0oaZTbusjE5k9L80YcgK0u8fGOFtzVw5TpOc3f3r\n12oJ5JvXJb3Fm9JcPgq/sQiBxika1oFS+9fdALJrxnrfEUKFWIBFvf0w2eydf7AV\nWxUkCu2omNa/ozN2U/wD1vKZ5+/Bbnz9SvmlXoee/BhJVP32N+/ZD2kdz7++Doch\no1buMN6kXM7LrjqlGLUAdz++6b0aOo7puEvaoGUIf8G3pbFG2P/QItM0XnCe7vqY\nh9TP355AcHg5yyNWBjYGEsIqgNngDa3yqiSEpAc5AAAAAwEAAQAAAQBC7Kxzkhlf\nVflqIYuWxPkph6GdPNmMkUkRU0gsFuRxu9Y/2nmOrZ1G5CIi4F0vBtmFh81vBZOD\n205kvyG85wuQ6/5v5xp8tze9AdgF0mLlEzbTssPxBisosSIV+Fj5OpaPP1IKtNBM\nwMuz8Mf05IyM/0LAA2dBgbiLNJInd3t5bLvWIukCM+DEJkcfEd0leFKES/NV/UQl\nQ4Xg/gRccRhSxAkFbpMmKkDJb1qfpgDQiOQrLl6yOvwERnVTxvcw5ZdXhFbuPrkz\nOAWqQc0hOiXv8B1bqYMiKMW9Rhg6vujRHUeTZTmhiWoQ+NHG0aUICNjsyPxfn4/E\nJTLGIbztcmMBAAAAgG5FelSllVt83hrrY6nrVc+QLuQFkrW92ilxzWuib9tEp84S\nPYn6HTbYknOTnRfQfAKkLzeGHclxG1DSNMDvO1OLLtdZarGGHcVUMrIePUKEO4wM\niWUBMl4Px53kYBtWdskcnniZ8NGixYDq3w86v4AqhxrnTJQsnei0q3kkbK3JAAAA\ngQDVhrz17knp46d7ASlBY1ljoExx5GDxBghYfJdTU9HnfAF//iejxtdG/bXJ2Uui\nMGSKbc9m/q54OFBUjocy+RNffJUZ0kuC48PFZRNahmcKdPIVHm6ZPwso4dQRh6m4\nbZcNzga4qtEBgFSIRKOOVVYat8YMU3M2uzau32aUlYBKiQAAAIEAyGJXMHdSIDwz\nmrYiuwp6NwY8e6gKIA0X87iP2pVQuF7Lk3/NLaeHxO+P0oMyp1otmXhknD+Qnvio\nZDWAXCyWubsaD7wjKMVPOvheFfXHnVJZHoYRFEmiVOk8idOoX50on9CQeXABzDJa\n7huOrZbc7tM1HE3pw1blF/o6B9ra6zEAAAAAAQID\n-----END OPENSSH PRIVATE KEY-----\n",
            "private_key_pem": "-----BEGIN RSA PRIVATE KEY-----\nMIIEogIBAAKCAQEApyNJ7a9QGv8XHwgJIlMnaqI+IW0mjCdPfhnixE7AG8k2uXnR\nsV0fybIpjFNtqetI9El3m9KGmU27rIxOZPS/NGHICtLvHxjhbc1cOU6TnN3969dq\nCeSb1yW9xZvSXD4Kv7EIgcYpGtaBUvvX3QCya8Z63xFChViARb39MNnsnX+wFVsV\nJArtqJjWv6MzdlP8A9bymefvwW58/Ur5pV6HnvwYSVT99jfv2Q9pHc+/vg6HIaNW\n7jDepFzOy646pRi1AHc/vum9GjqO6bhL2qBlCH/Bt6WxRtj/0CLTNF5wnu76mIfU\nz9+eQHB4OcsjVgY2BhLCKoDZ4A2t8qokhKQHOQIDAQABAoIBAELsrHOSGV9V+Woh\ni5bE+SmHoZ082YyRSRFTSCwW5HG71j/aeY6tnUbkIiLgXS8G2YWHzW8Fk4PbTmS/\nIbznC5Dr/m/nGny3N70B2AXSYuUTNtOyw/EGKyixIhX4WPk6lo8/Ugq00EzAy7Pw\nx/TkjIz/QsADZ0GBuIs0kid3e3lsu9Yi6QIz4MQmRx8R3SV4UoRL81X9RCVDheD+\nBFxxGFLECQVukyYqQMlvWp+mANCI5CsuXrI6/ARGdVPG9zDll1eEVu4+uTM4BapB\nzSE6Je/wHVupgyIoxb1GGDq+6NEdR5NlOaGJahD40cbRpQgI2OzI/F+fj8QlMsYh\nvO1yYwECgYEA1Ya89e5J6eOnewEpQWNZY6BMceRg8QYIWHyXU1PR53wBf/4no8bX\nRv21ydlLojBkim3PZv6ueDhQVI6HMvkTX3yVGdJLguPDxWUTWoZnCnTyFR5umT8L\nKOHUEYepuG2XDc4GuKrRAYBUiESjjlVWGrfGDFNzNrs2rt9mlJWASokCgYEAyGJX\nMHdSIDwzmrYiuwp6NwY8e6gKIA0X87iP2pVQuF7Lk3/NLaeHxO+P0oMyp1otmXhk\nnD+QnvioZDWAXCyWubsaD7wjKMVPOvheFfXHnVJZHoYRFEmiVOk8idOoX50on9CQ\neXABzDJa7huOrZbc7tM1HE3pw1blF/o6B9ra6zECgYAKH3gn5KMmbn+LKlPtYKtl\nOL1HDP+3jYSpxUZbUfb6lXtwuPjiH9Qm7nJG3oFicA7kLS6PAHX/BxRv3c31Ea/k\ncACVl82yp9+pJRCU0xhhe4fajnXJ2B5MUuB98EOQlcl6gxD4gkikXJQlXbOvVMZf\nP+UownAM4TVHdxni42+QmQKBgFt94zdi06GaOymhjZv+/axP8Z+4Kt9VeyExnKT9\n1fxIdATlrmXw/yGhC/bfJmqY1wcinDVnJH4hJKmUcAYl6a/lyNF0Yk1EQZe4PSUj\nsj+XkM9KAVRVBoRkddqsRE1bsWe+z6hSxs9YEoJzHKMPpdJ5pt9Eh75D15gqDQL3\nH0uRAoGAbkV6VKWVW3zeGutjqetVz5Au5AWStb3aKXHNa6Jv20SnzhI9ifodNtiS\nc5OdF9B8AqQvN4YdyXEbUNI0wO87U4su11lqsYYdxVQysh49QoQ7jAyJZQEyXg/H\nneRgG1Z2yRyeeJnw0aLFgOrfDzq/gCqHGudMlCyd6LSreSRsrck=\n-----END RSA PRIVATE KEY-----\n",
            "private_key_pem_pkcs8": "-----BEGIN PRIVATE KEY-----\nMIIEvAIBADANBgkqhkiG9w0BAQEFAASCBKYwggSiAgEAAoIBAQCnI0ntr1Aa/xcf\nCAkiUydqoj4hbSaMJ09+GeLETsAbyTa5edGxXR/JsimMU22p60j0SXeb0oaZTbus\njE5k9L80YcgK0u8fGOFtzVw5TpOc3f3r12oJ5JvXJb3Fm9JcPgq/sQiBxika1oFS\n+9fdALJrxnrfEUKFWIBFvf0w2eydf7AVWxUkCu2omNa/ozN2U/wD1vKZ5+/Bbnz9\nSvmlXoee/BhJVP32N+/ZD2kdz7++Docho1buMN6kXM7LrjqlGLUAdz++6b0aOo7p\nuEvaoGUIf8G3pbFG2P/QItM0XnCe7vqYh9TP355AcHg5yyNWBjYGEsIqgNngDa3y\nqiSEpAc5AgMBAAECggEAQuysc5IZX1X5aiGLlsT5KYehnTzZjJFJEVNILBbkcbvW\nP9p5jq2dRuQiIuBdLwbZhYfNbwWTg9tOZL8hvOcLkOv+b+cafLc3vQHYBdJi5RM2\n07LD8QYrKLEiFfhY+TqWjz9SCrTQTMDLs/DH9OSMjP9CwANnQYG4izSSJ3d7eWy7\n1iLpAjPgxCZHHxHdJXhShEvzVf1EJUOF4P4EXHEYUsQJBW6TJipAyW9an6YA0Ijk\nKy5esjr8BEZ1U8b3MOWXV4RW7j65MzgFqkHNITol7/AdW6mDIijFvUYYOr7o0R1H\nk2U5oYlqEPjRxtGlCAjY7Mj8X5+PxCUyxiG87XJjAQKBgQDVhrz17knp46d7ASlB\nY1ljoExx5GDxBghYfJdTU9HnfAF//iejxtdG/bXJ2UuiMGSKbc9m/q54OFBUjocy\n+RNffJUZ0kuC48PFZRNahmcKdPIVHm6ZPwso4dQRh6m4bZcNzga4qtEBgFSIRKOO\nVVYat8YMU3M2uzau32aUlYBKiQKBgQDIYlcwd1IgPDOatiK7Cno3Bjx7qAogDRfz\nuI/alVC4XsuTf80tp4fE74/SgzKnWi2ZeGScP5Ce+KhkNYBcLJa5uxoPvCMoxU86\n+F4V9cedUlkehhEUSaJU6TyJ06hfnSif0JB5cAHMMlruG46tltzu0zUcTenDVuUX\n+joH2trrMQKBgAofeCfkoyZuf4sqU+1gq2U4vUcM/7eNhKnFRltR9vqVe3C4+OIf\n1CbuckbegWJwDuQtLo8Adf8HFG/dzfURr+RwAJWXzbKn36klEJTTGGF7h9qOdcnY\nHkxS4H3wQ5CVyXqDEPiCSKRclCVds69Uxl8/5SjCcAzhNUd3GeLjb5CZAoGAW33j\nN2LToZo7KaGNm/79rE/xn7gq31V7ITGcpP3V/Eh0BOWuZfD/IaEL9t8mapjXByKc\nNWckfiEkqZRwBiXpr+XI0XRiTURBl7g9JSOyP5eQz0oBVFUGhGR12qxETVuxZ77P\nqFLGz1gSgnMcow+l0nmm30SHvkPXmCoNAvcfS5ECgYBuRXpUpZVbfN4a62Op61XP\nkC7kBZK1vdopcc1rom/bRKfOEj2J+h022JJzk50X0HwCpC83hh3JcRtQ0jTA7ztT\niy7XWWqxhh3FVDKyHj1ChDuMDIllATJeD8ed5GAbVnbJHJ54mfDRosWA6t8POr+A\nKoca50yULJ3otKt5JGytyQ==\n-----END PRIVATE KEY-----\n",
            "public_key_fingerprint_md5": "57:50:49:8e:80:2e:27:ef:26:8c:e9:40:1a:76:0d:b8",
            "public_key_fingerprint_sha256": "SHA256:39qbTQ7+nf8oyyeqVAbg/kesvGecXeC4BB6TLlt/VgQ",
            "public_key_openssh": "ssh-rsa AAAAB3NzaC1yc2EAAAADAQABAAABAQCnI0ntr1Aa/xcfCAkiUydqoj4hbSaMJ09+GeLETsAbyTa5edGxXR/JsimMU22p60j0SXeb0oaZTbusjE5k9L80YcgK0u8fGOFtzVw5TpOc3f3r12oJ5JvXJb3Fm9JcPgq/sQiBxika1oFS+9fdALJrxnrfEUKFWIBFvf0w2eydf7AVWxUkCu2omNa/ozN2U/wD1vKZ5+/Bbnz9SvmlXoee/BhJVP32N+/ZD2kdz7++Docho1buMN6kXM7LrjqlGLUAdz++6b0aOo7puEvaoGUIf8G3pbFG2P/QItM0XnCe7vqYh9TP355AcHg5yyNWBjYGEsIqgNngDa3yqiSEpAc5\n",
            "public_key_pem": "-----BEGIN PUBLIC KEY-----\nMIIBIjANBgkqhkiG9w0BAQEFAAOCAQ8AMIIBCgKCAQEApyNJ7a9QGv8XHwgJIlMn\naqI+IW0mjCdPfhnixE7AG8k2uXnRsV0fybIpjFNtqetI9El3m9KGmU27rIxOZPS/\nNGHICtLvHxjhbc1cOU6TnN3969dqCeSb1yW9xZvSXD4Kv7EIgcYpGtaBUvvX3QCy\na8Z63xFChViARb39MNnsnX+wFVsVJArtqJjWv6MzdlP8A9bymefvwW58/Ur5pV6H\nnvwYSVT99jfv2Q9pHc+/vg6HIaNW7jDepFzOy646pRi1AHc/vum9GjqO6bhL2qBl\nCH/Bt6WxRtj/0CLTNF5wnu76mIfUz9+eQHB4OcsjVgY2BhLCKoDZ4A2t8qokhKQH\nOQIDAQAB\n-----END PUBLIC KEY-----\n",
            "rsa_bits": 2048
          },
          "sensitive_attributes": []
        }
      ]
    }
  ],
  "check_results": null
}
